
Microsoft Visual Studio Solution File, Format Version 12.00
# Visual Studio 14
VisualStudioVersion = 14.0.25420.1
MinimumVisualStudioVersion = 10.0.40219.1
Project("{FAE04EC0-301F-11D3-BF4B-00C04F79EFBC}") = "BingMapsPOC", "BingMapsPOC.csproj", "{E27A1979-8A08-448A-A424-B7013EB45D0D}"
EndProject
Project("{FAE04EC0-301F-11D3-BF4B-00C04F79EFBC}") = "UserControls", "UserControls\UserControls.csproj", "{6D35116F-BD4C-4921-AECF-FED58F6F06E2}"
EndProject
Project("{FAE04EC0-301F-11D3-BF4B-00C04F79EFBC}") = "WPFBingMapPOC", "WPFBingMapPOC\WPFBingMapPOC.csproj", "{6FC65DDC-C033-43AB-ACBB-A9D0E9AEB72C}"
EndProject
Global
	GlobalSection(SolutionConfigurationPlatforms) = preSolution
		Debug|Any CPU = Debug|Any CPU
		Release|Any CPU = Release|Any CPU
	EndGlobalSection
	GlobalSection(ProjectConfigurationPlatforms) = postSolution
		{E27A1979-8A08-448A-A424-B7013EB45D0D}.Debug|Any CPU.ActiveCfg = Debug|x64
		{E27A1979-8A08-448A-A424-B7013EB45D0D}.Debug|Any CPU.Build.0 = Debug|x64
		{E27A1979-8A08-448A-A424-B7013EB45D0D}.Release|Any CPU.ActiveCfg = Release|Any CPU
		{E27A1979-8A08-448A-A424-B7013EB45D0D}.Release|Any CPU.Build.0 = Release|Any CPU
		{6D35116F-BD4C-4921-AECF-FED58F6F06E2}.Debug|Any CPU.ActiveCfg = Debug|Any CPU
		{6D35116F-BD4C-4921-AECF-FED58F6F06E2}.Debug|Any CPU.Build.0 = Debug|Any CPU
		{6D35116F-BD4C-4921-AECF-FED58F6F06E2}.Release|Any CPU.ActiveCfg = Release|Any CPU
		{6D35116F-BD4C-4921-AECF-FED58F6F06E2}.Release|Any CPU.Build.0 = Release|Any CPU
		{6FC65DDC-C033-43AB-ACBB-A9D0E9AEB72C}.Debug|Any CPU.ActiveCfg = Debug|Any CPU
		{6FC65DDC-C033-43AB-ACBB-A9D0E9AEB72C}.Debug|Any CPU.Build.0 = Debug|Any CPU
		{6FC65DDC-C033-43AB-ACBB-A9D0E9AEB72C}.Release|Any CPU.ActiveCfg = Release|Any CPU
		{6FC65DDC-C033-43AB-ACBB-A9D0E9AEB72C}.Release|Any CPU.Build.0 = Release|Any CPU
	EndGlobalSection
	GlobalSection(SolutionProperties) = preSolution
		HideSolutionNode = FALSE
	EndGlobalSection
EndGlobal
